// !$*UTF8*$!
{
	archiveVersion = 1;
	classes = {
	};
	objectVersion = 46;
	objects = {

/* Begin PBXBuildFile section */
		078E450B1C1F4002003C27F0 /* AppDelegate.swift in Sources */ = {isa = PBXBuildFile; fileRef = 078E450A1C1F4002003C27F0 /* AppDelegate.swift */; };
		078E450D1C1F4002003C27F0 /* Assets.xcassets in Resources */ = {isa = PBXBuildFile; fileRef = 078E450C1C1F4002003C27F0 /* Assets.xcassets */; };
		078E45101C1F4002003C27F0 /* MainMenu.xib in Resources */ = {isa = PBXBuildFile; fileRef = 078E450E1C1F4002003C27F0 /* MainMenu.xib */; };
		078E451B1C1F4002003C27F0 /* BacktrackTests.swift in Sources */ = {isa = PBXBuildFile; fileRef = 078E451A1C1F4002003C27F0 /* BacktrackTests.swift */; };
/* End PBXBuildFile section */

/* Begin PBXContainerItemProxy section */
		078E45171C1F4002003C27F0 /* PBXContainerItemProxy */ = {
			isa = PBXContainerItemProxy;
			containerPortal = 078E44FF1C1F4002003C27F0 /* Project object */;
			proxyType = 1;
			remoteGlobalIDString = 078E45061C1F4002003C27F0;
			remoteInfo = Backtrack;
		};
/* End PBXContainerItemProxy section */

/* Begin PBXFileReference section */
		078E45071C1F4002003C27F0 /* Backtrack.app */ = {isa = PBXFileReference; explicitFileType = wrapper.application; includeInIndex = 0; path = Backtrack.app; sourceTree = BUILT_PRODUCTS_DIR; };
		078E450A1C1F4002003C27F0 /* AppDelegate.swift */ = {isa = PBXFileReference; lastKnownFileType = sourcecode.swift; path = AppDelegate.swift; sourceTree = "<group>"; };
		078E450C1C1F4002003C27F0 /* Assets.xcassets */ = {isa = PBXFileReference; lastKnownFileType = folder.assetcatalog; path = Assets.xcassets; sourceTree = "<group>"; };
		078E450F1C1F4002003C27F0 /* Base */ = {isa = PBXFileReference; lastKnownFileType = file.xib; name = Base; path = Base.lproj/MainMenu.xib; sourceTree = "<group>"; };
		078E45111C1F4002003C27F0 /* Info.plist */ = {isa = PBXFileReference; lastKnownFileType = text.plist.xml; path = Info.plist; sourceTree = "<group>"; };
		078E45161C1F4002003C27F0 /* BacktrackTests.xctest */ = {isa = PBXFileReference; explicitFileType = wrapper.cfbundle; includeInIndex = 0; path = BacktrackTests.xctest; sourceTree = BUILT_PRODUCTS_DIR; };
		078E451A1C1F4002003C27F0 /* BacktrackTests.swift */ = {isa = PBXFileReference; lastKnownFileType = sourcecode.swift; path = BacktrackTests.swift; sourceTree = "<group>"; };
		078E451C1C1F4002003C27F0 /* Info.plist */ = {isa = PBXFileReference; lastKnownFileType = text.plist.xml; path = Info.plist; sourceTree = "<group>"; };
/* End PBXFileReference section */

/* Begin PBXFrameworksBuildPhase section */
		078E45041C1F4002003C27F0 /* Frameworks */ = {
			isa = PBXFrameworksBuildPhase;
			buildActionMask = 2147483647;
			files = (
			);
			runOnlyForDeploymentPostprocessing = 0;
		};
		078E45131C1F4002003C27F0 /* Frameworks */ = {
			isa = PBXFrameworksBuildPhase;
			buildActionMask = 2147483647;
			files = (
			);
			runOnlyForDeploymentPostprocessing = 0;
		};
/* End PBXFrameworksBuildPhase section */

/* Begin PBXGroup section */
		078E44FE1C1F4002003C27F0 = {
			isa = PBXGroup;
			children = (
				078E45091C1F4002003C27F0 /* Backtrack */,
				078E45191C1F4002003C27F0 /* BacktrackTests */,
				078E45081C1F4002003C27F0 /* Products */,
			);
			sourceTree = "<group>";
		};
		078E45081C1F4002003C27F0 /* Products */ = {
			isa = PBXGroup;
			children = (
				078E45071C1F4002003C27F0 /* Backtrack.app */,
				078E45161C1F4002003C27F0 /* BacktrackTests.xctest */,
			);
			name = Products;
			sourceTree = "<group>";
		};
		078E45091C1F4002003C27F0 /* Backtrack */ = {
			isa = PBXGroup;
			children = (
				078E450A1C1F4002003C27F0 /* AppDelegate.swift */,
				078E450C1C1F4002003C27F0 /* Assets.xcassets */,
				078E450E1C1F4002003C27F0 /* MainMenu.xib */,
				078E45111C1F4002003C27F0 /* Info.plist */,
			);
			path = Backtrack;
			sourceTree = "<group>";
		};
		078E45191C1F4002003C27F0 /* BacktrackTests */ = {
			isa = PBXGroup;
			children = (
				078E451A1C1F4002003C27F0 /* BacktrackTests.swift */,
				078E451C1C1F4002003C27F0 /* Info.plist */,
			);
			path = BacktrackTests;
			sourceTree = "<group>";
		};
/* End PBXGroup section */

/* Begin PBXNativeTarget section */
		078E45061C1F4002003C27F0 /* Backtrack */ = {
			isa = PBXNativeTarget;
			buildConfigurationList = 078E451F1C1F4002003C27F0 /* Build configuration list for PBXNativeTarget "Backtrack" */;
			buildPhases = (
				078E45031C1F4002003C27F0 /* Sources */,
				078E45041C1F4002003C27F0 /* Frameworks */,
				078E45051C1F4002003C27F0 /* Resources */,
			);
			buildRules = (
			);
			dependencies = (
			);
			name = Backtrack;
			productName = Backtrack;
			productReference = 078E45071C1F4002003C27F0 /* Backtrack.app */;
			productType = "com.apple.product-type.application";
		};
		078E45151C1F4002003C27F0 /* BacktrackTests */ = {
			isa = PBXNativeTarget;
			buildConfigurationList = 078E45221C1F4002003C27F0 /* Build configuration list for PBXNativeTarget "BacktrackTests" */;
			buildPhases = (
				078E45121C1F4002003C27F0 /* Sources */,
				078E45131C1F4002003C27F0 /* Frameworks */,
				078E45141C1F4002003C27F0 /* Resources */,
			);
			buildRules = (
			);
			dependencies = (
				078E45181C1F4002003C27F0 /* PBXTargetDependency */,
			);
			name = BacktrackTests;
			productName = BacktrackTests;
			productReference = 078E45161C1F4002003C27F0 /* BacktrackTests.xctest */;
			productType = "com.apple.product-type.bundle.unit-test";
		};
/* End PBXNativeTarget section */

/* Begin PBXProject section */
		078E44FF1C1F4002003C27F0 /* Project object */ = {
			isa = PBXProject;
			attributes = {
				LastSwiftUpdateCheck = 0710;
				LastUpgradeCheck = 0710;
				ORGANIZATIONNAME = bouldertop;
				TargetAttributes = {
					078E45061C1F4002003C27F0 = {
						CreatedOnToolsVersion = 7.1.1;
					};
					078E45151C1F4002003C27F0 = {
						CreatedOnToolsVersion = 7.1.1;
						TestTargetID = 078E45061C1F4002003C27F0;
					};
				};
			};
			buildConfigurationList = 078E45021C1F4002003C27F0 /* Build configuration list for PBXProject "Backtrack" */;
			compatibilityVersion = "Xcode 3.2";
			developmentRegion = English;
			hasScannedForEncodings = 0;
			knownRegions = (
				en,
				Base,
			);
			mainGroup = 078E44FE1C1F4002003C27F0;
			productRefGroup = 078E45081C1F4002003C27F0 /* Products */;
			projectDirPath = "";
			projectRoot = "";
			targets = (
				078E45061C1F4002003C27F0 /* Backtrack */,
				078E45151C1F4002003C27F0 /* BacktrackTests */,
			);
		};
/* End PBXProject section */

/* Begin PBXResourcesBuildPhase section */
		078E45051C1F4002003C27F0 /* Resources */ = {
			isa = PBXResourcesBuildPhase;
			buildActionMask = 2147483647;
			files = (
				078E450D1C1F4002003C27F0 /* Assets.xcassets in Resources */,
				078E45101C1F4002003C27F0 /* MainMenu.xib in Resources */,
			);
			runOnlyForDeploymentPostprocessing = 0;
		};
		078E45141C1F4002003C27F0 /* Resources */ = {
			isa = PBXResourcesBuildPhase;
			buildActionMask = 2147483647;
			files = (
			);
			runOnlyForDeploymentPostprocessing = 0;
		};
/* End PBXResourcesBuildPhase section */

/* Begin PBXSourcesBuildPhase section */
		078E45031C1F4002003C27F0 /* Sources */ = {
			isa = PBXSourcesBuildPhase;
			buildActionMask = 2147483647;
			files = (
				078E450B1C1F4002003C27F0 /* AppDelegate.swift in Sources */,
			);
			runOnlyForDeploymentPostprocessing = 0;
		};
		078E45121C1F4002003C27F0 /* Sources */ = {
			isa = PBXSourcesBuildPhase;
			buildActionMask = 2147483647;
			files = (
				078E451B1C1F4002003C27F0 /* BacktrackTests.swift in Sources */,
			);
			runOnlyForDeploymentPostprocessing = 0;
		};
/* End PBXSourcesBuildPhase section */

/* Begin PBXTargetDependency section */
		078E45181C1F4002003C27F0 /* PBXTargetDependency */ = {
			isa = PBXTargetDependency;
			target = 078E45061C1F4002003C27F0 /* Backtrack */;
			targetProxy = 078E45171C1F4002003C27F0 /* PBXContainerItemProxy */;
		};
/* End PBXTargetDependency section */

/* Begin PBXVariantGroup section */
		078E450E1C1F4002003C27F0 /* MainMenu.xib */ = {
			isa = PBXVariantGroup;
			children = (
				078E450F1C1F4002003C27F0 /* Base */,
			);
			name = MainMenu.xib;
			sourceTree = "<group>";
		};
/* End PBXVariantGroup section */

/* Begin XCBuildConfiguration section */
		078E451D1C1F4002003C27F0 /* Debug */ = {
			isa = XCBuildConfiguration;
			buildSettings = {
				ALWAYS_SEARCH_USER_PATHS = NO;
				CLANG_CXX_LANGUAGE_STANDARD = "gnu++0x";
				CLANG_CXX_LIBRARY = "libc++";
				CLANG_ENABLE_MODULES = YES;
				CLANG_ENABLE_OBJC_ARC = YES;
				CLANG_WARN_BOOL_CONVERSION = YES;
				CLANG_WARN_CONSTANT_CONVERSION = YES;
				CLANG_WARN_DIRECT_OBJC_ISA_USAGE = YES_ERROR;
				CLANG_WARN_EMPTY_BODY = YES;
				CLANG_WARN_ENUM_CONVERSION = YES;
				CLANG_WARN_INT_CONVERSION = YES;
				CLANG_WARN_OBJC_ROOT_CLASS = YES_ERROR;
				CLANG_WARN_UNREACHABLE_CODE = YES;
				CLANG_WARN__DUPLICATE_METHOD_MATCH = YES;
				CODE_SIGN_IDENTITY = "-";
				COPY_PHASE_STRIP = NO;
				DEBUG_INFORMATION_FORMAT = dwarf;
				ENABLE_STRICT_OBJC_MSGSEND = YES;
				ENABLE_TESTABILITY = YES;
				GCC_C_LANGUAGE_STANDARD = gnu99;
				GCC_DYNAMIC_NO_PIC = NO;
				GCC_NO_COMMON_BLOCKS = YES;
				GCC_OPTIMIZATION_LEVEL = 0;
				GCC_PREPROCESSOR_DEFINITIONS = (
					"DEBUG=1",
					"$(inherited)",
				);
				GCC_WARN_64_TO_32_BIT_CONVERSION = YES;
				GCC_WARN_ABOUT_RETURN_TYPE = YES_ERROR;
				GCC_WARN_UNDECLARED_SELECTOR = YES;
				GCC_WARN_UNINITIALIZED_AUTOS = YES_AGGRESSIVE;
				GCC_WARN_UNUSED_FUNCTION = YES;
				GCC_WARN_UNUSED_VARIABLE = YES;
				MACOSX_DEPLOYMENT_TARGET = 10.10;
				MTL_ENABLE_DEBUG_INFO = YES;
				ONLY_ACTIVE_ARCH = YES;
				SDKROOT = macosx;
				SWIFT_OPTIMIZATION_LEVEL = "-Onone";
			};
			name = Debug;
		};
		078E451E1C1F4002003C27F0 /* Release */ = {
			isa = XCBuildConfiguration;
			buildSettings = {
				ALWAYS_SEARCH_USER_PATHS = NO;
				CLANG_CXX_LANGUAGE_STANDARD = "gnu++0x";
				CLANG_CXX_LIBRARY = "libc++";
				CLANG_ENABLE_MODULES = YES;
				CLANG_ENABLE_OBJC_ARC = YES;
				CLANG_WARN_BOOL_CONVERSION = YES;
				CLANG_WARN_CONSTANT_CONVERSION = YES;
				CLANG_WARN_DIRECT_OBJC_ISA_USAGE = YES_ERROR;
				CLANG_WARN_EMPTY_BODY = YES;
				CLANG_WARN_ENUM_CONVERSION = YES;
				CLANG_WARN_INT_CONVERSION = YES;
				CLANG_WARN_OBJC_ROOT_CLASS = YES_ERROR;
				CLANG_WARN_UNREACHABLE_CODE = YES;
				CLANG_WARN__DUPLICATE_METHOD_MATCH = YES;
				CODE_SIGN_IDENTITY = "-";
				COPY_PHASE_STRIP = NO;
				DEBUG_INFORMATION_FORMAT = "dwarf-with-dsym";
				ENABLE_NS_ASSERTIONS = NO;
				ENABLE_STRICT_OBJC_MSGSEND = YES;
				GCC_C_LANGUAGE_STANDARD = gnu99;
				GCC_NO_COMMON_BLOCKS = YES;
				GCC_WARN_64_TO_32_BIT_CONVERSION = YES;
				GCC_WARN_ABOUT_RETURN_TYPE = YES_ERROR;
				GCC_WARN_UNDECLARED_SELECTOR = YES;
				GCC_WARN_UNINITIALIZED_AUTOS = YES_AGGRESSIVE;
				GCC_WARN_UNUSED_FUNCTION = YES;
				GCC_WARN_UNUSED_VARIABLE = YES;
				MACOSX_DEPLOYMENT_TARGET = 10.10;
				MTL_ENABLE_DEBUG_INFO = NO;
				SDKROOT = macosx;
			};
			name = Release;
		};
		078E45201C1F4002003C27F0 /* Debug */ = {
			isa = XCBuildConfiguration;
			buildSettings = {
				ASSETCATALOG_COMPILER_APPICON_NAME = AppIcon;
				COMBINE_HIDPI_IMAGES = YES;
				INFOPLIST_FILE = Backtrack/Info.plist;
				LD_RUNPATH_SEARCH_PATHS = "$(inherited) @executable_path/../Frameworks";
				PRODUCT_BUNDLE_IDENTIFIER = com.bouldertop.Backtrack;
				PRODUCT_NAME = "$(TARGET_NAME)";
			};
			name = Debug;
		};
		078E45211C1F4002003C27F0 /* Release */ = {
			isa = XCBuildConfiguration;
			buildSettings = {
				ASSETCATALOG_COMPILER_APPICON_NAME = AppIcon;
				COMBINE_HIDPI_IMAGES = YES;
				INFOPLIST_FILE = Backtrack/Info.plist;
				LD_RUNPATH_SEARCH_PATHS = "$(inherited) @executable_path/../Frameworks";
				PRODUCT_BUNDLE_IDENTIFIER = com.bouldertop.Backtrack;
				PRODUCT_NAME = "$(TARGET_NAME)";
			};
			name = Release;
		};
		078E45231C1F4002003C27F0 /* Debug */ = {
			isa = XCBuildConfiguration;
			buildSettings = {
				BUNDLE_LOADER = "$(TEST_HOST)";
				COMBINE_HIDPI_IMAGES = YES;
				INFOPLIST_FILE = BacktrackTests/Info.plist;
				LD_RUNPATH_SEARCH_PATHS = "$(inherited) @executable_path/../Frameworks @loader_path/../Frameworks";
				PRODUCT_BUNDLE_IDENTIFIER = com.bouldertop.BacktrackTests;
				PRODUCT_NAME = "$(TARGET_NAME)";
				TEST_HOST = "$(BUILT_PRODUCTS_DIR)/Backtrack.app/Contents/MacOS/Backtrack";
			};
			name = Debug;
		};
		078E45241C1F4002003C27F0 /* Release */ = {
			isa = XCBuildConfiguration;
			buildSettings = {
				BUNDLE_LOADER = "$(TEST_HOST)";
				COMBINE_HIDPI_IMAGES = YES;
				INFOPLIST_FILE = BacktrackTests/Info.plist;
				LD_RUNPATH_SEARCH_PATHS = "$(inherited) @executable_path/../Frameworks @loader_path/../Frameworks";
				PRODUCT_BUNDLE_IDENTIFIER = com.bouldertop.BacktrackTests;
				PRODUCT_NAME = "$(TARGET_NAME)";
				TEST_HOST = "$(BUILT_PRODUCTS_DIR)/Backtrack.app/Contents/MacOS/Backtrack";
			};
			name = Release;
		};
/* End XCBuildConfiguration section */

/* Begin XCConfigurationList section */
		078E45021C1F4002003C27F0 /* Build configuration list for PBXProject "Backtrack" */ = {
			isa = XCConfigurationList;
			buildConfigurations = (
				078E451D1C1F4002003C27F0 /* Debug */,
				078E451E1C1F4002003C27F0 /* Release */,
			);
			defaultConfigurationIsVisible = 0;
			defaultConfigurationName = Release;
		};
		078E451F1C1F4002003C27F0 /* Build configuration list for PBXNativeTarget "Backtrack" */ = {
			isa = XCConfigurationList;
			buildConfigurations = (
				078E45201C1F4002003C27F0 /* Debug */,
				078E45211C1F4002003C27F0 /* Release */,
			);
			defaultConfigurationIsVisible = 0;
		};
		078E45221C1F4002003C27F0 /* Build configuration list for PBXNativeTarget "BacktrackTests" */ = {
			isa = XCConfigurationList;
			buildConfigurations = (
				078E45231C1F4002003C27F0 /* Debug */,
				078E45241C1F4002003C27F0 /* Release */,
			);
			defaultConfigurationIsVisible = 0;
		};
/* End XCConfigurationList section */
	};
	rootObject = 078E44FF1C1F4002003C27F0 /* Project object */;
}
